{
  "version": 4,
  "terraform_version": "1.14.3",
  "serial": 25,
  "lineage": "679f9012-4749-19e0-b57a-8f71b5625910",
  "outputs": {
    "app_instance_id": {
      "value": null,
      "type": "string"
    },
    "app_public_dns": {
      "value": null,
      "type": "string"
    },
    "app_public_ip": {
      "value": null,
      "type": "string"
    },
    "app_url": {
      "value": null,
      "type": "string"
    },
    "cloud9_environment_id": {
      "value": "94455fa33a1e4842ae4c221d35b2318d",
      "type": "string"
    },
    "cloud9_environment_url": {
      "value": "https://us-east-1.console.aws.amazon.com/cloud9/ide/94455fa33a1e4842ae4c221d35b2318d",
      "type": "string"
    },
    "deployment_summary": {
      "value": {
        "application_url": null,
        "cloud9_url": "https://us-east-1.console.aws.amazon.com/cloud9/ide/94455fa33a1e4842ae4c221d35b2318d",
        "migration_command": "Utilisez le Script-3 dans Cloud9 pour migrer les données",
        "rds_endpoint": null,
        "secret_name": "universite-exemple-poc/rds/credentials"
      },
      "type": [
        "object",
        {
          "application_url": "string",
          "cloud9_url": "string",
          "migration_command": "string",
          "rds_endpoint": "string",
          "secret_name": "string"
        }
      ]
    },
    "next_steps": {
      "value": null,
      "type": "string"
    },
    "private_subnet_ids": {
      "value": [
        "subnet-00ec59431b17e97fb",
        "subnet-0dd8d15e0e99fb927"
      ],
      "type": [
        "tuple",
        [
          "string",
          "string"
        ]
      ]
    },
    "public_subnet_ids": {
      "value": [
        "subnet-031a682077e19634a",
        "subnet-0a5087c09760a6dba"
      ],
      "type": [
        "tuple",
        [
          "string",
          "string"
        ]
      ]
    },
    "rds_database_name": {
      "value": "students",
      "type": "string"
    },
    "rds_endpoint": {
      "value": null,
      "type": "string"
    },
    "rds_port": {
      "value": null,
      "type": "number"
    },
    "secret_arn": {
      "value": "arn:aws:secretsmanager:us-east-1:535532184875:secret:universite-exemple-poc/rds/credentials-MHCejW",
      "type": "string"
    },
    "secret_name": {
      "value": "universite-exemple-poc/rds/credentials",
      "type": "string"
    },
    "ssh_command": {
      "value": null,
      "type": "string"
    },
    "vpc_id": {
      "value": "vpc-0a9e7b3d140ed10b3",
      "type": "string"
    }
  },
  "resources": [
    {
      "mode": "data",
      "type": "aws_ami",
      "name": "ubuntu_22",
      "provider": "provider[\"registry.terraform.io/hashicorp/aws\"]",
      "instances": [
        {
          "schema_version": 0,
          "attributes": {
            "architecture": "x86_64",
            "arn": "arn:aws:ec2:us-east-1::image/ami-04680790a315cd58d",
            "block_device_mappings": [
              {
                "device_name": "/dev/sda1",
                "ebs": {
                  "delete_on_termination": "true",
                  "encrypted": "false",
                  "iops": "0",
                  "snapshot_id": "snap-0b2c426db6335afae",
                  "throughput": "0",
                  "volume_initialization_rate": "0",
                  "volume_size": "8",
                  "volume_type": "gp2"
                },
                "no_device": "",
                "virtual_name": ""
              },
              {
                "device_name": "/dev/sdb",
                "ebs": {},
                "no_device": "",
                "virtual_name": "ephemeral0"
              },
              {
                "device_name": "/dev/sdc",
                "ebs": {},
                "no_device": "",
                "virtual_name": "ephemeral1"
              }
            ],
            "boot_mode": "uefi-preferred",
            "creation_date": "2026-02-18T06:50:21.000Z",
            "deprecation_time": "2028-02-18T06:50:21.000Z",
            "description": "Canonical, Ubuntu, 22.04, amd64 jammy image",
            "ena_support": true,
            "executable_users": null,
            "filter": [
              {
                "name": "name",
                "values": [
                  "ubuntu/images/hvm-ssd/ubuntu-jammy-22.04-amd64-server-*"
                ]
              },
              {
                "name": "state",
                "values": [
                  "available"
                ]
              },
              {
                "name": "virtualization-type",
                "values": [
                  "hvm"
                ]
              }
            ],
            "hypervisor": "xen",
            "id": "ami-04680790a315cd58d",
            "image_id": "ami-04680790a315cd58d",
            "image_location": "amazon/ubuntu/images/hvm-ssd/ubuntu-jammy-22.04-amd64-server-20260218",
            "image_owner_alias": "amazon",
            "image_type": "machine",
            "imds_support": "",
            "include_deprecated": false,
            "kernel_id": "",
            "last_launched_time": "",
            "most_recent": true,
            "name": "ubuntu/images/hvm-ssd/ubuntu-jammy-22.04-amd64-server-20260218",
            "name_regex": null,
            "owner_id": "099720109477",
            "owners": [
              "099720109477"
            ],
            "platform": "",
            "platform_details": "Linux/UNIX",
            "product_codes": [],
            "public": true,
            "ramdisk_id": "",
            "root_device_name": "/dev/sda1",
            "root_device_type": "ebs",
            "root_snapshot_id": "snap-0b2c426db6335afae",
            "sriov_net_support": "simple",
            "state": "available",
            "state_reason": {
              "code": "UNSET",
              "message": "UNSET"
            },
            "tags": {},
            "timeouts": null,
            "tpm_support": "",
            "uefi_data": null,
            "usage_operation": "RunInstances",
            "virtualization_type": "hvm"
          },
          "sensitive_attributes": [],
          "identity_schema_version": 0
        }
      ]
    },
    {
      "mode": "data",
      "type": "aws_availability_zones",
      "name": "available",
      "provider": "provider[\"registry.terraform.io/hashicorp/aws\"]",
      "instances": [
        {
          "schema_version": 0,
          "attributes": {
            "all_availability_zones": null,
            "exclude_names": null,
            "exclude_zone_ids": null,
            "filter": null,
            "group_names": [
              "us-east-1-zg-1"
            ],
            "id": "us-east-1",
            "names": [
              "us-east-1a",
              "us-east-1b",
              "us-east-1c",
              "us-east-1d",
              "us-east-1e",
              "us-east-1f"
            ],
            "state": "available",
            "timeouts": null,
            "zone_ids": [
              "use1-az6",
              "use1-az1",
              "use1-az2",
              "use1-az4",
              "use1-az3",
              "use1-az5"
            ]
          },
          "sensitive_attributes": [],
          "identity_schema_version": 0
        }
      ]
    },
    {
      "mode": "managed",
      "type": "random_password",
      "name": "db_password",
      "provider": "provider[\"registry.terraform.io/hashicorp/random\"]",
      "instances": [
        {
          "schema_version": 3,
          "attributes": {
            "bcrypt_hash": "$2a$10$DYMTxpEIHw8vhTtbMIXUNuOXyOLdQsiHvCC/zxl6Tq0fkwJbVa/xm",
            "id": "none",
            "keepers": null,
            "length": 20,
            "lower": true,
            "min_lower": 2,
            "min_numeric": 2,
            "min_special": 2,
            "min_upper": 2,
            "number": true,
            "numeric": true,
            "override_special": "!#$%\u0026*()-_=+[]{}:?",
            "result": "Ae)*F)]t6jT+v[?wDhB0",
            "special": true,
            "upper": true
          },
          "sensitive_attributes": [
            [
              {
                "type": "get_attr",
                "value": "bcrypt_hash"
              }
            ],
            [
              {
                "type": "get_attr",
                "value": "result"
              }
            ]
          ],
          "identity_schema_version": 0
        }
      ]
    },
    {
      "module": "module.cloud9",
      "mode": "data",
      "type": "aws_caller_identity",
      "name": "current",
      "provider": "provider[\"registry.terraform.io/hashicorp/aws\"]",
      "instances": [
        {
          "schema_version": 0,
          "attributes": {
            "account_id": "535532184875",
            "arn": "arn:aws:sts::535532184875:assumed-role/voclabs/user3828427=souaibou.ndiaye@supdevinci-edu.fr",
            "id": "535532184875",
            "user_id": "AROAXZMBUUUVZ2BKU2RYS:user3828427=souaibou.ndiaye@supdevinci-edu.fr"
          },
          "sensitive_attributes": [],
          "identity_schema_version": 0
        }
      ]
    },
    {
      "module": "module.cloud9",
      "mode": "managed",
      "type": "aws_cloud9_environment_ec2",
      "name": "main",
      "provider": "provider[\"registry.terraform.io/hashicorp/aws\"]",
      "instances": [
        {
          "schema_version": 0,
          "attributes": {
            "arn": "arn:aws:cloud9:us-east-1:535532184875:environment:94455fa33a1e4842ae4c221d35b2318d",
            "automatic_stop_time_minutes": 30,
            "connection_type": "CONNECT_SSH",
            "description": "Cloud9 IDE for CLI scripts - universite-exemple-poc",
            "id": "94455fa33a1e4842ae4c221d35b2318d",
            "image_id": "amazonlinux-2023-x86_64",
            "instance_type": "t3.small",
            "name": "universite-exemple-poc-cloud9",
            "owner_arn": "arn:aws:sts::535532184875:assumed-role/voclabs/user3828427=souaibou.ndiaye@supdevinci-edu.fr",
            "subnet_id": "subnet-031a682077e19634a",
            "tags": {
              "Project": "universite-exemple-poc",
              "Role": "AdminTooling"
            },
            "tags_all": {
              "Environment": "poc",
              "ManagedBy": "Terraform",
              "Phase": "Phase2-Decouplage",
              "Project": "universite-exemple-poc",
              "Role": "AdminTooling"
            },
            "type": "ec2"
          },
          "sensitive_attributes": [],
          "identity_schema_version": 0,
          "private": "bnVsbA==",
          "dependencies": [
            "data.aws_availability_zones.available",
            "module.cloud9.data.aws_caller_identity.current",
            "module.vpc.aws_subnet.public",
            "module.vpc.aws_vpc.main"
          ]
        }
      ]
    },
    {
      "module": "module.ec2",
      "mode": "data",
      "type": "aws_iam_instance_profile",
      "name": "lab_profile",
      "provider": "provider[\"registry.terraform.io/hashicorp/aws\"]",
      "instances": [
        {
          "schema_version": 0,
          "attributes": {
            "arn": "arn:aws:iam::535532184875:instance-profile/LabInstanceProfile",
            "create_date": "2026-03-11 22:22:41 +0000 UTC",
            "id": "AIPAXZMBUUUVWA7OKJ5OQ",
            "name": "LabInstanceProfile",
            "path": "/",
            "role_arn": "arn:aws:iam::535532184875:role/LabRole",
            "role_id": "AROAXZMBUUUV3CTMGNPTC",
            "role_name": "LabRole"
          },
          "sensitive_attributes": [],
          "identity_schema_version": 0
        }
      ]
    },
    {
      "module": "module.ec2",
      "mode": "data",
      "type": "aws_iam_role",
      "name": "lab_role",
      "provider": "provider[\"registry.terraform.io/hashicorp/aws\"]",
      "instances": [
        {
          "schema_version": 0,
          "attributes": {
            "arn": "arn:aws:iam::535532184875:role/LabRole",
            "assume_role_policy": "{\"Version\":\"2012-10-17\",\"Statement\":[{\"Effect\":\"Allow\",\"Principal\":{\"AWS\":\"arn:aws:iam::535532184875:role/LabRole\",\"Service\":[\"athena.amazonaws.com\",\"ssm.amazonaws.com\",\"elasticbeanstalk.amazonaws.com\",\"redshift.amazonaws.com\",\"secretsmanager.amazonaws.com\",\"kms.amazonaws.com\",\"ec2.application-autoscaling.amazonaws.com\",\"sqs.amazonaws.com\",\"codedeploy.amazonaws.com\",\"states.amazonaws.com\",\"eks.amazonaws.com\",\"cloudformation.amazonaws.com\",\"ecs.amazonaws.com\",\"ec2.amazonaws.com\",\"credentials.iot.amazonaws.com\",\"cloud9.amazonaws.com\",\"scheduler.amazonaws.com\",\"batch.amazonaws.com\",\"apigateway.amazonaws.com\",\"pipes.amazonaws.com\",\"autoscaling.amazonaws.com\",\"iot.amazonaws.com\",\"rds.amazonaws.com\",\"servicecatalog.amazonaws.com\",\"backup.amazonaws.com\",\"resource-groups.amazonaws.com\",\"lambda.amazonaws.com\",\"codewhisperer.amazonaws.com\",\"forecast.amazonaws.com\",\"dynamodb.amazonaws.com\",\"events.amazonaws.com\",\"rekognition.amazonaws.com\",\"codecommit.amazonaws.com\",\"databrew.amazonaws.com\",\"elasticloadbalancing.amazonaws.com\",\"ecs-tasks.amazonaws.com\",\"sns.amazonaws.com\",\"kinesis.amazonaws.com\",\"iotanalytics.amazonaws.com\",\"elasticfilesystem.amazonaws.com\",\"application-autoscaling.amazonaws.com\",\"glue.amazonaws.com\",\"firehose.amazonaws.com\",\"cognito-idp.amazonaws.com\",\"s3.amazonaws.com\",\"cloudtrail.amazonaws.com\",\"eks-fargate-pods.amazonaws.com\",\"sagemaker.amazonaws.com\",\"logs.amazonaws.com\",\"iotevents.amazonaws.com\",\"elasticmapreduce.amazonaws.com\",\"kinesisanalytics.amazonaws.com\",\"deepracer.amazonaws.com\"]},\"Action\":\"sts:AssumeRole\"}]}",
            "create_date": "2026-03-11T22:22:22Z",
            "description": "",
            "id": "LabRole",
            "max_session_duration": 3600,
            "name": "LabRole",
            "path": "/",
            "permissions_boundary": "",
            "role_last_used": [
              {
                "last_used_date": "",
                "region": ""
              }
            ],
            "tags": {
              "cloudlab": "c195394a5014798l14124246t1w535532184875"
            },
            "unique_id": "AROAXZMBUUUV3CTMGNPTC"
          },
          "sensitive_attributes": [],
          "identity_schema_version": 0
        }
      ]
    },
    {
      "module": "module.ec2",
      "mode": "data",
      "type": "aws_region",
      "name": "current",
      "provider": "provider[\"registry.terraform.io/hashicorp/aws\"]",
      "instances": [
        {
          "schema_version": 0,
          "attributes": {
            "description": "US East (N. Virginia)",
            "endpoint": "ec2.us-east-1.amazonaws.com",
            "id": "us-east-1",
            "name": "us-east-1"
          },
          "sensitive_attributes": [],
          "identity_schema_version": 0
        }
      ]
    },
    {
      "module": "module.ec2",
      "mode": "managed",
      "type": "aws_security_group",
      "name": "app",
      "provider": "provider[\"registry.terraform.io/hashicorp/aws\"]",
      "instances": [
        {
          "schema_version": 1,
          "attributes": {
            "arn": "arn:aws:ec2:us-east-1:535532184875:security-group/sg-02d9bf8b02fe63db5",
            "description": "Security Group - App server Node.js Phase 2",
            "egress": [
              {
                "cidr_blocks": [
                  "0.0.0.0/0"
                ],
                "description": "All outbound traffic",
                "from_port": 0,
                "ipv6_cidr_blocks": [],
                "prefix_list_ids": [],
                "protocol": "-1",
                "security_groups": [],
                "self": false,
                "to_port": 0
              }
            ],
            "id": "sg-02d9bf8b02fe63db5",
            "ingress": [
              {
                "cidr_blocks": [
                  "0.0.0.0/0"
                ],
                "description": "HTTP public access",
                "from_port": 80,
                "ipv6_cidr_blocks": [],
                "prefix_list_ids": [],
                "protocol": "tcp",
                "security_groups": [],
                "self": false,
                "to_port": 80
              },
              {
                "cidr_blocks": [
                  "0.0.0.0/0"
                ],
                "description": "SSH admin access",
                "from_port": 22,
                "ipv6_cidr_blocks": [],
                "prefix_list_ids": [],
                "protocol": "tcp",
                "security_groups": [],
                "self": false,
                "to_port": 22
              }
            ],
            "name": "universite-exemple-poc-sg-app",
            "name_prefix": "",
            "owner_id": "535532184875",
            "revoke_rules_on_delete": false,
            "tags": {
              "Name": "universite-exemple-poc-sg-app"
            },
            "tags_all": {
              "Environment": "poc",
              "ManagedBy": "Terraform",
              "Name": "universite-exemple-poc-sg-app",
              "Phase": "Phase2-Decouplage",
              "Project": "UniversiteExemple-POC"
            },
            "timeouts": null,
            "vpc_id": "vpc-0a9e7b3d140ed10b3"
          },
          "sensitive_attributes": [],
          "identity_schema_version": 0,
          "private": "eyJlMmJmYjczMC1lY2FhLTExZTYtOGY4OC0zNDM2M2JjN2M0YzAiOnsiY3JlYXRlIjo2MDAwMDAwMDAwMDAsImRlbGV0ZSI6OTAwMDAwMDAwMDAwfSwic2NoZW1hX3ZlcnNpb24iOiIxIn0=",
          "dependencies": [
            "module.vpc.aws_vpc.main"
          ],
          "create_before_destroy": true
        }
      ]
    },
    {
      "module": "module.rds",
      "mode": "managed",
      "type": "aws_db_option_group",
      "name": "mysql",
      "provider": "provider[\"registry.terraform.io/hashicorp/aws\"]",
      "instances": [
        {
          "schema_version": 0,
          "attributes": {
            "arn": "arn:aws:rds:us-east-1:535532184875:og:universite-exemple-poc-mysql-options",
            "engine_name": "mysql",
            "id": "universite-exemple-poc-mysql-options",
            "major_engine_version": "8.0",
            "name": "universite-exemple-poc-mysql-options",
            "name_prefix": "",
            "option": [],
            "option_group_description": "Option group MySQL 8.0 for universite-exemple-poc",
            "skip_destroy": false,
            "tags": {
              "Name": "universite-exemple-poc-mysql-options"
            },
            "tags_all": {
              "Environment": "poc",
              "ManagedBy": "Terraform",
              "Name": "universite-exemple-poc-mysql-options",
              "Phase": "Phase2-Decouplage",
              "Project": "UniversiteExemple-POC"
            },
            "timeouts": null
          },
          "sensitive_attributes": [],
          "identity_schema_version": 0,
          "private": "eyJlMmJmYjczMC1lY2FhLTExZTYtOGY4OC0zNDM2M2JjN2M0YzAiOnsiZGVsZXRlIjo5MDAwMDAwMDAwMDB9LCJzY2hlbWFfdmVyc2lvbiI6IjAifQ=="
        }
      ]
    },
    {
      "module": "module.rds",
      "mode": "managed",
      "type": "aws_db_parameter_group",
      "name": "mysql",
      "provider": "provider[\"registry.terraform.io/hashicorp/aws\"]",
      "instances": [
        {
          "schema_version": 0,
          "attributes": {
            "arn": "arn:aws:rds:us-east-1:535532184875:pg:universite-exemple-poc-mysql-params",
            "description": "Custom MySQL 8.0 parameters for universite-exemple-poc",
            "family": "mysql8.0",
            "id": "universite-exemple-poc-mysql-params",
            "name": "universite-exemple-poc-mysql-params",
            "name_prefix": "",
            "parameter": [
              {
                "apply_method": "immediate",
                "name": "character_set_client",
                "value": "utf8mb4"
              },
              {
                "apply_method": "immediate",
                "name": "character_set_server",
                "value": "utf8mb4"
              },
              {
                "apply_method": "immediate",
                "name": "long_query_time",
                "value": "1"
              },
              {
                "apply_method": "immediate",
                "name": "slow_query_log",
                "value": "1"
              },
              {
                "apply_method": "pending-reboot",
                "name": "binlog_format",
                "value": "ROW"
              }
            ],
            "skip_destroy": false,
            "tags": {
              "Name": "universite-exemple-poc-mysql-params"
            },
            "tags_all": {
              "Environment": "poc",
              "ManagedBy": "Terraform",
              "Name": "universite-exemple-poc-mysql-params",
              "Phase": "Phase2-Decouplage",
              "Project": "UniversiteExemple-POC"
            }
          },
          "sensitive_attributes": [],
          "identity_schema_version": 0,
          "private": "bnVsbA=="
        }
      ]
    },
    {
      "module": "module.rds",
      "mode": "managed",
      "type": "aws_db_subnet_group",
      "name": "main",
      "provider": "provider[\"registry.terraform.io/hashicorp/aws\"]",
      "instances": [
        {
          "schema_version": 0,
          "attributes": {
            "arn": "arn:aws:rds:us-east-1:535532184875:subgrp:universite-exemple-poc-db-subnet-group",
            "description": "Subnet group for RDS - private subnets",
            "id": "universite-exemple-poc-db-subnet-group",
            "name": "universite-exemple-poc-db-subnet-group",
            "name_prefix": "",
            "subnet_ids": [
              "subnet-00ec59431b17e97fb",
              "subnet-0dd8d15e0e99fb927"
            ],
            "supported_network_types": [
              "IPV4"
            ],
            "tags": {
              "Name": "universite-exemple-poc-db-subnet-group"
            },
            "tags_all": {
              "Environment": "poc",
              "ManagedBy": "Terraform",
              "Name": "universite-exemple-poc-db-subnet-group",
              "Phase": "Phase2-Decouplage",
              "Project": "UniversiteExemple-POC"
            },
            "vpc_id": "vpc-0a9e7b3d140ed10b3"
          },
          "sensitive_attributes": [],
          "identity_schema_version": 0,
          "private": "bnVsbA==",
          "dependencies": [
            "data.aws_availability_zones.available",
            "module.vpc.aws_subnet.private",
            "module.vpc.aws_vpc.main"
          ]
        }
      ]
    },
    {
      "module": "module.rds",
      "mode": "managed",
      "type": "aws_security_group",
      "name": "rds",
      "provider": "provider[\"registry.terraform.io/hashicorp/aws\"]",
      "instances": [
        {
          "schema_version": 1,
          "attributes": {
            "arn": "arn:aws:ec2:us-east-1:535532184875:security-group/sg-0db5658e90a658eaf",
            "description": "Security Group RDS - MySQL access from EC2 app only",
            "egress": [
              {
                "cidr_blocks": [
                  "10.0.0.0/8"
                ],
                "description": "Internal VPC egress only",
                "from_port": 0,
                "ipv6_cidr_blocks": [],
                "prefix_list_ids": [],
                "protocol": "-1",
                "security_groups": [],
                "self": false,
                "to_port": 0
              }
            ],
            "id": "sg-0db5658e90a658eaf",
            "ingress": [
              {
                "cidr_blocks": [],
                "description": "MySQL from EC2 app security group",
                "from_port": 3306,
                "ipv6_cidr_blocks": [],
                "prefix_list_ids": [],
                "protocol": "tcp",
                "security_groups": [
                  "sg-02d9bf8b02fe63db5"
                ],
                "self": false,
                "to_port": 3306
              }
            ],
            "name": "universite-exemple-poc-sg-rds",
            "name_prefix": "",
            "owner_id": "535532184875",
            "revoke_rules_on_delete": false,
            "tags": {
              "Name": "universite-exemple-poc-sg-rds"
            },
            "tags_all": {
              "Environment": "poc",
              "ManagedBy": "Terraform",
              "Name": "universite-exemple-poc-sg-rds",
              "Phase": "Phase2-Decouplage",
              "Project": "UniversiteExemple-POC"
            },
            "timeouts": null,
            "vpc_id": "vpc-0a9e7b3d140ed10b3"
          },
          "sensitive_attributes": [],
          "identity_schema_version": 0,
          "private": "eyJlMmJmYjczMC1lY2FhLTExZTYtOGY4OC0zNDM2M2JjN2M0YzAiOnsiY3JlYXRlIjo2MDAwMDAwMDAwMDAsImRlbGV0ZSI6OTAwMDAwMDAwMDAwfSwic2NoZW1hX3ZlcnNpb24iOiIxIn0=",
          "dependencies": [
            "module.ec2.aws_security_group.app",
            "module.vpc.aws_vpc.main"
          ],
          "create_before_destroy": true
        }
      ]
    },
    {
      "module": "module.secrets",
      "mode": "managed",
      "type": "aws_secretsmanager_secret",
      "name": "db_credentials",
      "provider": "provider[\"registry.terraform.io/hashicorp/aws\"]",
      "instances": [
        {
          "schema_version": 0,
          "attributes": {
            "arn": "arn:aws:secretsmanager:us-east-1:535532184875:secret:universite-exemple-poc/rds/credentials-MHCejW",
            "description": "RDS database credentials for universite-exemple-poc",
            "force_overwrite_replica_secret": false,
            "id": "arn:aws:secretsmanager:us-east-1:535532184875:secret:universite-exemple-poc/rds/credentials-MHCejW",
            "kms_key_id": "",
            "name": "universite-exemple-poc/rds/credentials",
            "name_prefix": "",
            "policy": "",
            "recovery_window_in_days": 0,
            "replica": [],
            "tags": {
              "Application": "StudentRecords",
              "Name": "universite-exemple-poc/rds/credentials"
            },
            "tags_all": {
              "Application": "StudentRecords",
              "Environment": "poc",
              "ManagedBy": "Terraform",
              "Name": "universite-exemple-poc/rds/credentials",
              "Phase": "Phase2-Decouplage",
              "Project": "UniversiteExemple-POC"
            }
          },
          "sensitive_attributes": [],
          "identity_schema_version": 0,
          "private": "bnVsbA=="
        }
      ]
    },
    {
      "module": "module.secrets",
      "mode": "managed",
      "type": "aws_secretsmanager_secret_version",
      "name": "db_credentials",
      "provider": "provider[\"registry.terraform.io/hashicorp/aws\"]",
      "instances": [
        {
          "schema_version": 0,
          "attributes": {
            "arn": "arn:aws:secretsmanager:us-east-1:535532184875:secret:universite-exemple-poc/rds/credentials-MHCejW",
            "has_secret_string_wo": null,
            "id": "arn:aws:secretsmanager:us-east-1:535532184875:secret:universite-exemple-poc/rds/credentials-MHCejW|terraform-20260311223727561900000002",
            "secret_binary": "",
            "secret_id": "arn:aws:secretsmanager:us-east-1:535532184875:secret:universite-exemple-poc/rds/credentials-MHCejW",
            "secret_string": "{\"dbname\":\"students\",\"engine\":\"mysql\",\"password\":\"Ae)*F)]t6jT+v[?wDhB0\",\"port\":\"3306\",\"username\":\"dbadmin\"}",
            "secret_string_wo": null,
            "secret_string_wo_version": null,
            "version_id": "terraform-20260311223727561900000002",
            "version_stages": [
              "AWSCURRENT"
            ]
          },
          "sensitive_attributes": [
            [
              {
                "type": "get_attr",
                "value": "secret_binary"
              }
            ],
            [
              {
                "type": "get_attr",
                "value": "secret_string"
              }
            ],
            [
              {
                "type": "get_attr",
                "value": "secret_string_wo"
              }
            ]
          ],
          "identity_schema_version": 0,
          "private": "bnVsbA==",
          "dependencies": [
            "module.secrets.aws_secretsmanager_secret.db_credentials",
            "random_password.db_password"
          ]
        }
      ]
    },
    {
      "module": "module.vpc",
      "mode": "managed",
      "type": "aws_eip",
      "name": "nat",
      "provider": "provider[\"registry.terraform.io/hashicorp/aws\"]",
      "instances": [
        {
          "schema_version": 0,
          "attributes": {
            "address": null,
            "allocation_id": "eipalloc-0193f17a70455a4c7",
            "arn": "arn:aws:ec2:us-east-1:535532184875:elastic-ip/eipalloc-0193f17a70455a4c7",
            "associate_with_private_ip": null,
            "association_id": "",
            "carrier_ip": "",
            "customer_owned_ip": "",
            "customer_owned_ipv4_pool": "",
            "domain": "vpc",
            "id": "eipalloc-0193f17a70455a4c7",
            "instance": "",
            "ipam_pool_id": null,
            "network_border_group": "us-east-1",
            "network_interface": "",
            "private_dns": null,
            "private_ip": "",
            "ptr_record": "",
            "public_dns": "ec2-54-157-1-72.compute-1.amazonaws.com",
            "public_ip": "54.157.1.72",
            "public_ipv4_pool": "amazon",
            "tags": {
              "Name": "universite-exemple-poc-nat-eip"
            },
            "tags_all": {
              "Environment": "poc",
              "ManagedBy": "Terraform",
              "Name": "universite-exemple-poc-nat-eip",
              "Phase": "Phase2-Decouplage",
              "Project": "UniversiteExemple-POC"
            },
            "timeouts": null,
            "vpc": true
          },
          "sensitive_attributes": [],
          "identity_schema_version": 0,
          "private": "eyJlMmJmYjczMC1lY2FhLTExZTYtOGY4OC0zNDM2M2JjN2M0YzAiOnsiZGVsZXRlIjoxODAwMDAwMDAwMDAsInJlYWQiOjkwMDAwMDAwMDAwMCwidXBkYXRlIjozMDAwMDAwMDAwMDB9fQ==",
          "dependencies": [
            "module.vpc.aws_internet_gateway.main",
            "module.vpc.aws_vpc.main"
          ]
        }
      ]
    },
    {
      "module": "module.vpc",
      "mode": "managed",
      "type": "aws_internet_gateway",
      "name": "main",
      "provider": "provider[\"registry.terraform.io/hashicorp/aws\"]",
      "instances": [
        {
          "schema_version": 0,
          "attributes": {
            "arn": "arn:aws:ec2:us-east-1:535532184875:internet-gateway/igw-08eec468161e491b9",
            "id": "igw-08eec468161e491b9",
            "owner_id": "535532184875",
            "tags": {
              "Name": "universite-exemple-poc-igw"
            },
            "tags_all": {
              "Environment": "poc",
              "ManagedBy": "Terraform",
              "Name": "universite-exemple-poc-igw",
              "Phase": "Phase2-Decouplage",
              "Project": "UniversiteExemple-POC"
            },
            "timeouts": null,
            "vpc_id": "vpc-0a9e7b3d140ed10b3"
          },
          "sensitive_attributes": [],
          "identity_schema_version": 0,
          "private": "eyJlMmJmYjczMC1lY2FhLTExZTYtOGY4OC0zNDM2M2JjN2M0YzAiOnsiY3JlYXRlIjoxMjAwMDAwMDAwMDAwLCJkZWxldGUiOjEyMDAwMDAwMDAwMDAsInVwZGF0ZSI6MTIwMDAwMDAwMDAwMH19",
          "dependencies": [
            "module.vpc.aws_vpc.main"
          ]
        }
      ]
    },
    {
      "module": "module.vpc",
      "mode": "managed",
      "type": "aws_nat_gateway",
      "name": "main",
      "provider": "provider[\"registry.terraform.io/hashicorp/aws\"]",
      "instances": [
        {
          "schema_version": 0,
          "attributes": {
            "allocation_id": "eipalloc-0193f17a70455a4c7",
            "association_id": "eipassoc-0d80ae473b3cd2c74",
            "connectivity_type": "public",
            "id": "nat-0dc72654e27b22562",
            "network_interface_id": "eni-02a05053f07db64e0",
            "private_ip": "10.0.1.81",
            "public_ip": "54.157.1.72",
            "secondary_allocation_ids": null,
            "secondary_private_ip_address_count": 0,
            "secondary_private_ip_addresses": [],
            "subnet_id": "subnet-031a682077e19634a",
            "tags": {
              "Name": "universite-exemple-poc-nat-gw"
            },
            "tags_all": {
              "Environment": "poc",
              "ManagedBy": "Terraform",
              "Name": "universite-exemple-poc-nat-gw",
              "Phase": "Phase2-Decouplage",
              "Project": "UniversiteExemple-POC"
            },
            "timeouts": null
          },
          "sensitive_attributes": [],
          "identity_schema_version": 0,
          "private": "eyJlMmJmYjczMC1lY2FhLTExZTYtOGY4OC0zNDM2M2JjN2M0YzAiOnsiY3JlYXRlIjo2MDAwMDAwMDAwMDAsImRlbGV0ZSI6MTgwMDAwMDAwMDAwMCwidXBkYXRlIjo2MDAwMDAwMDAwMDB9fQ==",
          "dependencies": [
            "data.aws_availability_zones.available",
            "module.vpc.aws_eip.nat",
            "module.vpc.aws_internet_gateway.main",
            "module.vpc.aws_subnet.public",
            "module.vpc.aws_vpc.main"
          ]
        }
      ]
    },
    {
      "module": "module.vpc",
      "mode": "managed",
      "type": "aws_route_table",
      "name": "private",
      "provider": "provider[\"registry.terraform.io/hashicorp/aws\"]",
      "instances": [
        {
          "schema_version": 0,
          "attributes": {
            "arn": "arn:aws:ec2:us-east-1:535532184875:route-table/rtb-028166fa455762002",
            "id": "rtb-028166fa455762002",
            "owner_id": "535532184875",
            "propagating_vgws": [],
            "route": [
              {
                "carrier_gateway_id": "",
                "cidr_block": "0.0.0.0/0",
                "core_network_arn": "",
                "destination_prefix_list_id": "",
                "egress_only_gateway_id": "",
                "gateway_id": "",
                "ipv6_cidr_block": "",
                "local_gateway_id": "",
                "nat_gateway_id": "nat-0dc72654e27b22562",
                "network_interface_id": "",
                "transit_gateway_id": "",
                "vpc_endpoint_id": "",
                "vpc_peering_connection_id": ""
              }
            ],
            "tags": {
              "Name": "universite-exemple-poc-private-rt"
            },
            "tags_all": {
              "Environment": "poc",
              "ManagedBy": "Terraform",
              "Name": "universite-exemple-poc-private-rt",
              "Phase": "Phase2-Decouplage",
              "Project": "UniversiteExemple-POC"
            },
            "timeouts": null,
            "vpc_id": "vpc-0a9e7b3d140ed10b3"
          },
          "sensitive_attributes": [],
          "identity_schema_version": 0,
          "private": "eyJlMmJmYjczMC1lY2FhLTExZTYtOGY4OC0zNDM2M2JjN2M0YzAiOnsiY3JlYXRlIjozMDAwMDAwMDAwMDAsImRlbGV0ZSI6MzAwMDAwMDAwMDAwLCJ1cGRhdGUiOjEyMDAwMDAwMDAwMH19",
          "dependencies": [
            "data.aws_availability_zones.available",
            "module.vpc.aws_eip.nat",
            "module.vpc.aws_internet_gateway.main",
            "module.vpc.aws_nat_gateway.main",
            "module.vpc.aws_subnet.public",
            "module.vpc.aws_vpc.main"
          ]
        }
      ]
    },
    {
      "module": "module.vpc",
      "mode": "managed",
      "type": "aws_route_table",
      "name": "public",
      "provider": "provider[\"registry.terraform.io/hashicorp/aws\"]",
      "instances": [
        {
          "schema_version": 0,
          "attributes": {
            "arn": "arn:aws:ec2:us-east-1:535532184875:route-table/rtb-04b6d3dc1dc3d0ff4",
            "id": "rtb-04b6d3dc1dc3d0ff4",
            "owner_id": "535532184875",
            "propagating_vgws": [],
            "route": [
              {
                "carrier_gateway_id": "",
                "cidr_block": "0.0.0.0/0",
                "core_network_arn": "",
                "destination_prefix_list_id": "",
                "egress_only_gateway_id": "",
                "gateway_id": "igw-08eec468161e491b9",
                "ipv6_cidr_block": "",
                "local_gateway_id": "",
                "nat_gateway_id": "",
                "network_interface_id": "",
                "transit_gateway_id": "",
                "vpc_endpoint_id": "",
                "vpc_peering_connection_id": ""
              }
            ],
            "tags": {
              "Name": "universite-exemple-poc-public-rt"
            },
            "tags_all": {
              "Environment": "poc",
              "ManagedBy": "Terraform",
              "Name": "universite-exemple-poc-public-rt",
              "Phase": "Phase2-Decouplage",
              "Project": "UniversiteExemple-POC"
            },
            "timeouts": null,
            "vpc_id": "vpc-0a9e7b3d140ed10b3"
          },
          "sensitive_attributes": [],
          "identity_schema_version": 0,
          "private": "eyJlMmJmYjczMC1lY2FhLTExZTYtOGY4OC0zNDM2M2JjN2M0YzAiOnsiY3JlYXRlIjozMDAwMDAwMDAwMDAsImRlbGV0ZSI6MzAwMDAwMDAwMDAwLCJ1cGRhdGUiOjEyMDAwMDAwMDAwMH19",
          "dependencies": [
            "module.vpc.aws_internet_gateway.main",
            "module.vpc.aws_vpc.main"
          ]
        }
      ]
    },
    {
      "module": "module.vpc",
      "mode": "managed",
      "type": "aws_route_table_association",
      "name": "private",
      "provider": "provider[\"registry.terraform.io/hashicorp/aws\"]",
      "instances": [
        {
          "index_key": 0,
          "schema_version": 0,
          "attributes": {
            "gateway_id": "",
            "id": "rtbassoc-08675676a753d09d7",
            "route_table_id": "rtb-028166fa455762002",
            "subnet_id": "subnet-00ec59431b17e97fb",
            "timeouts": null
          },
          "sensitive_attributes": [],
          "identity_schema_version": 0,
          "private": "eyJlMmJmYjczMC1lY2FhLTExZTYtOGY4OC0zNDM2M2JjN2M0YzAiOnsiY3JlYXRlIjozMDAwMDAwMDAwMDAsImRlbGV0ZSI6MzAwMDAwMDAwMDAwLCJ1cGRhdGUiOjEyMDAwMDAwMDAwMH19",
          "dependencies": [
            "data.aws_availability_zones.available",
            "module.vpc.aws_eip.nat",
            "module.vpc.aws_internet_gateway.main",
            "module.vpc.aws_nat_gateway.main",
            "module.vpc.aws_route_table.private",
            "module.vpc.aws_subnet.private",
            "module.vpc.aws_subnet.public",
            "module.vpc.aws_vpc.main"
          ]
        },
        {
          "index_key": 1,
          "schema_version": 0,
          "attributes": {
            "gateway_id": "",
            "id": "rtbassoc-0fc3b8d8418485167",
            "route_table_id": "rtb-028166fa455762002",
            "subnet_id": "subnet-0dd8d15e0e99fb927",
            "timeouts": null
          },
          "sensitive_attributes": [],
          "identity_schema_version": 0,
          "private": "eyJlMmJmYjczMC1lY2FhLTExZTYtOGY4OC0zNDM2M2JjN2M0YzAiOnsiY3JlYXRlIjozMDAwMDAwMDAwMDAsImRlbGV0ZSI6MzAwMDAwMDAwMDAwLCJ1cGRhdGUiOjEyMDAwMDAwMDAwMH19",
          "dependencies": [
            "data.aws_availability_zones.available",
            "module.vpc.aws_eip.nat",
            "module.vpc.aws_internet_gateway.main",
            "module.vpc.aws_nat_gateway.main",
            "module.vpc.aws_route_table.private",
            "module.vpc.aws_subnet.private",
            "module.vpc.aws_subnet.public",
            "module.vpc.aws_vpc.main"
          ]
        }
      ]
    },
    {
      "module": "module.vpc",
      "mode": "managed",
      "type": "aws_route_table_association",
      "name": "public",
      "provider": "provider[\"registry.terraform.io/hashicorp/aws\"]",
      "instances": [
        {
          "index_key": 0,
          "schema_version": 0,
          "attributes": {
            "gateway_id": "",
            "id": "rtbassoc-0f6f3411cbbaf2b02",
            "route_table_id": "rtb-04b6d3dc1dc3d0ff4",
            "subnet_id": "subnet-031a682077e19634a",
            "timeouts": null
          },
          "sensitive_attributes": [],
          "identity_schema_version": 0,
          "private": "eyJlMmJmYjczMC1lY2FhLTExZTYtOGY4OC0zNDM2M2JjN2M0YzAiOnsiY3JlYXRlIjozMDAwMDAwMDAwMDAsImRlbGV0ZSI6MzAwMDAwMDAwMDAwLCJ1cGRhdGUiOjEyMDAwMDAwMDAwMH19",
          "dependencies": [
            "data.aws_availability_zones.available",
            "module.vpc.aws_internet_gateway.main",
            "module.vpc.aws_route_table.public",
            "module.vpc.aws_subnet.public",
            "module.vpc.aws_vpc.main"
          ]
        },
        {
          "index_key": 1,
          "schema_version": 0,
          "attributes": {
            "gateway_id": "",
            "id": "rtbassoc-0447db7172f88529f",
            "route_table_id": "rtb-04b6d3dc1dc3d0ff4",
            "subnet_id": "subnet-0a5087c09760a6dba",
            "timeouts": null
          },
          "sensitive_attributes": [],
          "identity_schema_version": 0,
          "private": "eyJlMmJmYjczMC1lY2FhLTExZTYtOGY4OC0zNDM2M2JjN2M0YzAiOnsiY3JlYXRlIjozMDAwMDAwMDAwMDAsImRlbGV0ZSI6MzAwMDAwMDAwMDAwLCJ1cGRhdGUiOjEyMDAwMDAwMDAwMH19",
          "dependencies": [
            "data.aws_availability_zones.available",
            "module.vpc.aws_internet_gateway.main",
            "module.vpc.aws_route_table.public",
            "module.vpc.aws_subnet.public",
            "module.vpc.aws_vpc.main"
          ]
        }
      ]
    },
    {
      "module": "module.vpc",
      "mode": "managed",
      "type": "aws_subnet",
      "name": "private",
      "provider": "provider[\"registry.terraform.io/hashicorp/aws\"]",
      "instances": [
        {
          "index_key": 0,
          "schema_version": 1,
          "attributes": {
            "arn": "arn:aws:ec2:us-east-1:535532184875:subnet/subnet-00ec59431b17e97fb",
            "assign_ipv6_address_on_creation": false,
            "availability_zone": "us-east-1a",
            "availability_zone_id": "use1-az6",
            "cidr_block": "10.0.11.0/24",
            "customer_owned_ipv4_pool": "",
            "enable_dns64": false,
            "enable_lni_at_device_index": 0,
            "enable_resource_name_dns_a_record_on_launch": false,
            "enable_resource_name_dns_aaaa_record_on_launch": false,
            "id": "subnet-00ec59431b17e97fb",
            "ipv6_cidr_block": "",
            "ipv6_cidr_block_association_id": "",
            "ipv6_native": false,
            "map_customer_owned_ip_on_launch": false,
            "map_public_ip_on_launch": false,
            "outpost_arn": "",
            "owner_id": "535532184875",
            "private_dns_hostname_type_on_launch": "ip-name",
            "tags": {
              "AZ": "us-east-1a",
              "Name": "universite-exemple-poc-private-subnet-1",
              "Type": "Private"
            },
            "tags_all": {
              "AZ": "us-east-1a",
              "Environment": "poc",
              "ManagedBy": "Terraform",
              "Name": "universite-exemple-poc-private-subnet-1",
              "Phase": "Phase2-Decouplage",
              "Project": "UniversiteExemple-POC",
              "Type": "Private"
            },
            "timeouts": null,
            "vpc_id": "vpc-0a9e7b3d140ed10b3"
          },
          "sensitive_attributes": [],
          "identity_schema_version": 0,
          "private": "eyJlMmJmYjczMC1lY2FhLTExZTYtOGY4OC0zNDM2M2JjN2M0YzAiOnsiY3JlYXRlIjo2MDAwMDAwMDAwMDAsImRlbGV0ZSI6MTIwMDAwMDAwMDAwMH0sInNjaGVtYV92ZXJzaW9uIjoiMSJ9",
          "dependencies": [
            "data.aws_availability_zones.available",
            "module.vpc.aws_vpc.main"
          ]
        },
        {
          "index_key": 1,
          "schema_version": 1,
          "attributes": {
            "arn": "arn:aws:ec2:us-east-1:535532184875:subnet/subnet-0dd8d15e0e99fb927",
            "assign_ipv6_address_on_creation": false,
            "availability_zone": "us-east-1b",
            "availability_zone_id": "use1-az1",
            "cidr_block": "10.0.12.0/24",
            "customer_owned_ipv4_pool": "",
            "enable_dns64": false,
            "enable_lni_at_device_index": 0,
            "enable_resource_name_dns_a_record_on_launch": false,
            "enable_resource_name_dns_aaaa_record_on_launch": false,
            "id": "subnet-0dd8d15e0e99fb927",
            "ipv6_cidr_block": "",
            "ipv6_cidr_block_association_id": "",
            "ipv6_native": false,
            "map_customer_owned_ip_on_launch": false,
            "map_public_ip_on_launch": false,
            "outpost_arn": "",
            "owner_id": "535532184875",
            "private_dns_hostname_type_on_launch": "ip-name",
            "tags": {
              "AZ": "us-east-1b",
              "Name": "universite-exemple-poc-private-subnet-2",
              "Type": "Private"
            },
            "tags_all": {
              "AZ": "us-east-1b",
              "Environment": "poc",
              "ManagedBy": "Terraform",
              "Name": "universite-exemple-poc-private-subnet-2",
              "Phase": "Phase2-Decouplage",
              "Project": "UniversiteExemple-POC",
              "Type": "Private"
            },
            "timeouts": null,
            "vpc_id": "vpc-0a9e7b3d140ed10b3"
          },
          "sensitive_attributes": [],
          "identity_schema_version": 0,
          "private": "eyJlMmJmYjczMC1lY2FhLTExZTYtOGY4OC0zNDM2M2JjN2M0YzAiOnsiY3JlYXRlIjo2MDAwMDAwMDAwMDAsImRlbGV0ZSI6MTIwMDAwMDAwMDAwMH0sInNjaGVtYV92ZXJzaW9uIjoiMSJ9",
          "dependencies": [
            "data.aws_availability_zones.available",
            "module.vpc.aws_vpc.main"
          ]
        }
      ]
    },
    {
      "module": "module.vpc",
      "mode": "managed",
      "type": "aws_subnet",
      "name": "public",
      "provider": "provider[\"registry.terraform.io/hashicorp/aws\"]",
      "instances": [
        {
          "index_key": 0,
          "schema_version": 1,
          "attributes": {
            "arn": "arn:aws:ec2:us-east-1:535532184875:subnet/subnet-031a682077e19634a",
            "assign_ipv6_address_on_creation": false,
            "availability_zone": "us-east-1a",
            "availability_zone_id": "use1-az6",
            "cidr_block": "10.0.1.0/24",
            "customer_owned_ipv4_pool": "",
            "enable_dns64": false,
            "enable_lni_at_device_index": 0,
            "enable_resource_name_dns_a_record_on_launch": false,
            "enable_resource_name_dns_aaaa_record_on_launch": false,
            "id": "subnet-031a682077e19634a",
            "ipv6_cidr_block": "",
            "ipv6_cidr_block_association_id": "",
            "ipv6_native": false,
            "map_customer_owned_ip_on_launch": false,
            "map_public_ip_on_launch": true,
            "outpost_arn": "",
            "owner_id": "535532184875",
            "private_dns_hostname_type_on_launch": "ip-name",
            "tags": {
              "AZ": "us-east-1a",
              "Name": "universite-exemple-poc-public-subnet-1",
              "Type": "Public"
            },
            "tags_all": {
              "AZ": "us-east-1a",
              "Environment": "poc",
              "ManagedBy": "Terraform",
              "Name": "universite-exemple-poc-public-subnet-1",
              "Phase": "Phase2-Decouplage",
              "Project": "UniversiteExemple-POC",
              "Type": "Public"
            },
            "timeouts": null,
            "vpc_id": "vpc-0a9e7b3d140ed10b3"
          },
          "sensitive_attributes": [],
          "identity_schema_version": 0,
          "private": "eyJlMmJmYjczMC1lY2FhLTExZTYtOGY4OC0zNDM2M2JjN2M0YzAiOnsiY3JlYXRlIjo2MDAwMDAwMDAwMDAsImRlbGV0ZSI6MTIwMDAwMDAwMDAwMH0sInNjaGVtYV92ZXJzaW9uIjoiMSJ9",
          "dependencies": [
            "data.aws_availability_zones.available",
            "module.vpc.aws_vpc.main"
          ]
        },
        {
          "index_key": 1,
          "schema_version": 1,
          "attributes": {
            "arn": "arn:aws:ec2:us-east-1:535532184875:subnet/subnet-0a5087c09760a6dba",
            "assign_ipv6_address_on_creation": false,
            "availability_zone": "us-east-1b",
            "availability_zone_id": "use1-az1",
            "cidr_block": "10.0.2.0/24",
            "customer_owned_ipv4_pool": "",
            "enable_dns64": false,
            "enable_lni_at_device_index": 0,
            "enable_resource_name_dns_a_record_on_launch": false,
            "enable_resource_name_dns_aaaa_record_on_launch": false,
            "id": "subnet-0a5087c09760a6dba",
            "ipv6_cidr_block": "",
            "ipv6_cidr_block_association_id": "",
            "ipv6_native": false,
            "map_customer_owned_ip_on_launch": false,
            "map_public_ip_on_launch": true,
            "outpost_arn": "",
            "owner_id": "535532184875",
            "private_dns_hostname_type_on_launch": "ip-name",
            "tags": {
              "AZ": "us-east-1b",
              "Name": "universite-exemple-poc-public-subnet-2",
              "Type": "Public"
            },
            "tags_all": {
              "AZ": "us-east-1b",
              "Environment": "poc",
              "ManagedBy": "Terraform",
              "Name": "universite-exemple-poc-public-subnet-2",
              "Phase": "Phase2-Decouplage",
              "Project": "UniversiteExemple-POC",
              "Type": "Public"
            },
            "timeouts": null,
            "vpc_id": "vpc-0a9e7b3d140ed10b3"
          },
          "sensitive_attributes": [],
          "identity_schema_version": 0,
          "private": "eyJlMmJmYjczMC1lY2FhLTExZTYtOGY4OC0zNDM2M2JjN2M0YzAiOnsiY3JlYXRlIjo2MDAwMDAwMDAwMDAsImRlbGV0ZSI6MTIwMDAwMDAwMDAwMH0sInNjaGVtYV92ZXJzaW9uIjoiMSJ9",
          "dependencies": [
            "data.aws_availability_zones.available",
            "module.vpc.aws_vpc.main"
          ]
        }
      ]
    },
    {
      "module": "module.vpc",
      "mode": "managed",
      "type": "aws_vpc",
      "name": "main",
      "provider": "provider[\"registry.terraform.io/hashicorp/aws\"]",
      "instances": [
        {
          "schema_version": 1,
          "attributes": {
            "arn": "arn:aws:ec2:us-east-1:535532184875:vpc/vpc-0a9e7b3d140ed10b3",
            "assign_generated_ipv6_cidr_block": false,
            "cidr_block": "10.0.0.0/16",
            "default_network_acl_id": "acl-0bcc0175c9b173913",
            "default_route_table_id": "rtb-0bd398bb0673530c6",
            "default_security_group_id": "sg-0840619e3f83207b7",
            "dhcp_options_id": "dopt-0bf72c9774d7788d6",
            "enable_dns_hostnames": true,
            "enable_dns_support": true,
            "enable_network_address_usage_metrics": false,
            "id": "vpc-0a9e7b3d140ed10b3",
            "instance_tenancy": "default",
            "ipv4_ipam_pool_id": null,
            "ipv4_netmask_length": null,
            "ipv6_association_id": "",
            "ipv6_cidr_block": "",
            "ipv6_cidr_block_network_border_group": "",
            "ipv6_ipam_pool_id": "",
            "ipv6_netmask_length": 0,
            "main_route_table_id": "rtb-0bd398bb0673530c6",
            "owner_id": "535532184875",
            "tags": {
              "Name": "universite-exemple-poc-vpc"
            },
            "tags_all": {
              "Environment": "poc",
              "ManagedBy": "Terraform",
              "Name": "universite-exemple-poc-vpc",
              "Phase": "Phase2-Decouplage",
              "Project": "UniversiteExemple-POC"
            }
          },
          "sensitive_attributes": [],
          "identity_schema_version": 0,
          "private": "eyJzY2hlbWFfdmVyc2lvbiI6IjEifQ==",
          "create_before_destroy": true
        }
      ]
    }
  ],
  "check_results": null
}
