{
  "version": 4,
  "terraform_version": "1.14.3",
  "serial": 4,
  "lineage": "442e8e71-43da-8b54-866d-98e1aee67e5d",
  "outputs": {
    "cluster_endpoint": {
      "value": "https://C53F67462DCE1650B342E96A2A9143B9.gr7.us-east-1.eks.amazonaws.com",
      "type": "string"
    },
    "cluster_name": {
      "value": "universite-exemple-eks",
      "type": "string"
    },
    "kubeconfig_command": {
      "value": "aws eks update-kubeconfig --region us-east-1 --name universite-exemple-eks",
      "type": "string"
    },
    "node_group_status": {
      "value": "ACTIVE",
      "type": "string"
    }
  },
  "resources": [
    {
      "mode": "data",
      "type": "aws_iam_role",
      "name": "lab_role",
      "provider": "provider[\"registry.terraform.io/hashicorp/aws\"]",
      "instances": [
        {
          "schema_version": 0,
          "attributes": {
            "arn": "arn:aws:iam::535532184875:role/LabRole",
            "assume_role_policy": "{\"Version\":\"2012-10-17\",\"Statement\":[{\"Effect\":\"Allow\",\"Principal\":{\"AWS\":\"arn:aws:iam::535532184875:role/LabRole\",\"Service\":[\"ssm.amazonaws.com\",\"elasticbeanstalk.amazonaws.com\",\"athena.amazonaws.com\",\"kms.amazonaws.com\",\"secretsmanager.amazonaws.com\",\"batch.amazonaws.com\",\"sqs.amazonaws.com\",\"codedeploy.amazonaws.com\",\"scheduler.amazonaws.com\",\"ec2.application-autoscaling.amazonaws.com\",\"cloudformation.amazonaws.com\",\"redshift.amazonaws.com\",\"states.amazonaws.com\",\"ecs.amazonaws.com\",\"logs.amazonaws.com\",\"glue.amazonaws.com\",\"cognito-idp.amazonaws.com\",\"eks-fargate-pods.amazonaws.com\",\"cloudtrail.amazonaws.com\",\"s3.amazonaws.com\",\"kinesis.amazonaws.com\",\"firehose.amazonaws.com\",\"sagemaker.amazonaws.com\",\"elasticmapreduce.amazonaws.com\",\"kinesisanalytics.amazonaws.com\",\"deepracer.amazonaws.com\",\"dynamodb.amazonaws.com\",\"lambda.amazonaws.com\",\"rekognition.amazonaws.com\",\"sns.amazonaws.com\",\"ecs-tasks.amazonaws.com\",\"iotanalytics.amazonaws.com\",\"iotevents.amazonaws.com\",\"events.amazonaws.com\",\"codecommit.amazonaws.com\",\"databrew.amazonaws.com\",\"elasticfilesystem.amazonaws.com\",\"application-autoscaling.amazonaws.com\",\"elasticloadbalancing.amazonaws.com\",\"cloud9.amazonaws.com\",\"eks.amazonaws.com\",\"credentials.iot.amazonaws.com\",\"pipes.amazonaws.com\",\"backup.amazonaws.com\",\"apigateway.amazonaws.com\",\"codewhisperer.amazonaws.com\",\"autoscaling.amazonaws.com\",\"rds.amazonaws.com\",\"servicecatalog.amazonaws.com\",\"resource-groups.amazonaws.com\",\"ec2.amazonaws.com\",\"forecast.amazonaws.com\",\"iot.amazonaws.com\"]},\"Action\":\"sts:AssumeRole\"}]}",
            "create_date": "2026-03-12T08:12:34Z",
            "description": "",
            "id": "LabRole",
            "max_session_duration": 3600,
            "name": "LabRole",
            "path": "/",
            "permissions_boundary": "",
            "role_last_used": [
              {
                "last_used_date": "2026-03-12T18:00:26Z",
                "region": "us-east-1"
              }
            ],
            "tags": {
              "cloudlab": "c195394a5014798l14124246t1w535532184875"
            },
            "unique_id": "AROAXZMBUUUVU7GMSAWB4"
          },
          "sensitive_attributes": [],
          "identity_schema_version": 0
        }
      ]
    },
    {
      "mode": "data",
      "type": "aws_subnets",
      "name": "private",
      "provider": "provider[\"registry.terraform.io/hashicorp/aws\"]",
      "instances": [
        {
          "schema_version": 0,
          "attributes": {
            "filter": [
              {
                "name": "tag:Name",
                "values": [
                  "*private*"
                ]
              },
              {
                "name": "vpc-id",
                "values": [
                  "vpc-0952e920630a0c5e3"
                ]
              }
            ],
            "id": "us-east-1",
            "ids": [
              "subnet-038ac3d1e4d30416e",
              "subnet-05e688b93e8961d84"
            ],
            "tags": null,
            "timeouts": null
          },
          "sensitive_attributes": [],
          "identity_schema_version": 0
        }
      ]
    },
    {
      "mode": "data",
      "type": "aws_subnets",
      "name": "public",
      "provider": "provider[\"registry.terraform.io/hashicorp/aws\"]",
      "instances": [
        {
          "schema_version": 0,
          "attributes": {
            "filter": [
              {
                "name": "tag:Name",
                "values": [
                  "*public*"
                ]
              },
              {
                "name": "vpc-id",
                "values": [
                  "vpc-0952e920630a0c5e3"
                ]
              }
            ],
            "id": "us-east-1",
            "ids": [
              "subnet-0efb46ec7e02b85bf",
              "subnet-03c1ba3d18390955b"
            ],
            "tags": null,
            "timeouts": null
          },
          "sensitive_attributes": [],
          "identity_schema_version": 0
        }
      ]
    },
    {
      "mode": "data",
      "type": "aws_vpc",
      "name": "existing",
      "provider": "provider[\"registry.terraform.io/hashicorp/aws\"]",
      "instances": [
        {
          "schema_version": 0,
          "attributes": {
            "arn": "arn:aws:ec2:us-east-1:535532184875:vpc/vpc-0952e920630a0c5e3",
            "cidr_block": "10.0.0.0/16",
            "cidr_block_associations": [
              {
                "association_id": "vpc-cidr-assoc-097677c94025134f6",
                "cidr_block": "10.0.0.0/16",
                "state": "associated"
              }
            ],
            "default": false,
            "dhcp_options_id": "dopt-0f51523f27c29072b",
            "enable_dns_hostnames": true,
            "enable_dns_support": true,
            "enable_network_address_usage_metrics": false,
            "filter": null,
            "id": "vpc-0952e920630a0c5e3",
            "instance_tenancy": "default",
            "ipv6_association_id": "",
            "ipv6_cidr_block": "",
            "main_route_table_id": "rtb-02e1143fd8d42978e",
            "owner_id": "535532184875",
            "state": null,
            "tags": {
              "Environment": "poc",
              "ManagedBy": "Terraform",
              "Name": "universite-exemple-poc-vpc",
              "Phase": "Phase3-HauteDisponibilite",
              "Project": "UniversiteExemple-POC"
            },
            "timeouts": null
          },
          "sensitive_attributes": [],
          "identity_schema_version": 0
        }
      ]
    },
    {
      "mode": "managed",
      "type": "aws_eks_cluster",
      "name": "main",
      "provider": "provider[\"registry.terraform.io/hashicorp/aws\"]",
      "instances": [
        {
          "schema_version": 1,
          "attributes": {
            "access_config": [
              {
                "authentication_mode": "API_AND_CONFIG_MAP",
                "bootstrap_cluster_creator_admin_permissions": true
              }
            ],
            "arn": "arn:aws:eks:us-east-1:535532184875:cluster/universite-exemple-eks",
            "bootstrap_self_managed_addons": true,
            "certificate_authority": [
              {
                "data": "LS0tLS1CRUdJTiBDRVJUSUZJQ0FURS0tLS0tCk1JSURCVENDQWUyZ0F3SUJBZ0lJRjdoWk02Z0hnbGt3RFFZSktvWklodmNOQVFFTEJRQXdGVEVUTUJFR0ExVUUKQXhNS2EzVmlaWEp1WlhSbGN6QWVGdzB5TmpBek1USXhPREV3TVRSYUZ3MHpOakF6TURreE9ERTFNVFJhTUJVeApFekFSQmdOVkJBTVRDbXQxWW1WeWJtVjBaWE13Z2dFaU1BMEdDU3FHU0liM0RRRUJBUVVBQTRJQkR3QXdnZ0VLCkFvSUJBUUN2YVJyMitHS1dmRG1QTTQxa1J2YmdKV1NqcFBjaXZyQldPY3B4a0hZMitCNkVQbzRJNzR5ZGpyQ1cKUzl3UlEvc1hyaFFCK0xRQzJIV0MxdTZpU1JtT1FOemtiMW1rUWErUDhjOGpOTDF1ejYvNERBRzExUnRBOERFTQphTlJlbmFNWmZaRkpvYVJYOWoyQUpZMVpDeUcwOWt1dXVUQUo0ZWRHdGlhTXEwQWxOS0swY3ZEMm9BOGZKVjRFCnd6a1hwV0JzYUF6WEhxMFdjanZBWXpURFBSbEpKdU04QUdPdnR5Q1A1SUpyOGxyaWxSbHJUZDNWeHBXYWVVcGgKNHlVNkhNeS9hZHlZNWR2UTgyam1vcFlkMDVYaDhXVTZTaVh2emNGSGxOa09oZ2tIMVlHUXNoUlBXTEFiTTUxQgpTeXRmWUxwQTBlUVdIdTNOVEJ3aVVhd2F6ZW5iQWdNQkFBR2pXVEJYTUE0R0ExVWREd0VCL3dRRUF3SUNwREFQCkJnTlZIUk1CQWY4RUJUQURBUUgvTUIwR0ExVWREZ1FXQkJScGFtNzdZTmQrZ3BrSGhEUFpUMUVDLzQxSGhUQVYKQmdOVkhSRUVEakFNZ2dwcmRXSmxjbTVsZEdWek1BMEdDU3FHU0liM0RRRUJDd1VBQTRJQkFRQlRWeVM1VmJ6egpZeEI3bWdFLzZSZ0ErSW0yWnRMUlowaGtRdHluS0lpODdFWmFJdWwxZ2hBS0plclE4aTZHYXlpSm9BRXpjNk5FCjE1T2FpNldBODZ5RHcrc0EvZHNZOE8rRzBUSmR5MFFDNi9wTFZYOG5NaTRMQ25Tc0NZZGk0a3BJWW4vQlFibmsKNXh0REFyUkw1b2dhcUhpUDdXZWs3Sk5ObHRXT0dNZ2hZWmQxck5KeDlWUFdNaXN1QUJFTGZyb0FwdlloVis5RwpUM01SaWpBbDdyL0pQaVdiWmVJZnljaVNidHFSTkpmcXUyazk5Rzh6M3VPYTYrd0h3WmlMUENwYzNHWHVtVUdhClNmTXNIMHZMak1wME93RmRjQ0hpV2RKS0c5ZytOdGhhWUZYOTcyMXNHOWc3Y2J6MzRxUkhoaFd6eGNGSGs2ZmMKd09NU0ZWamU4WmpGCi0tLS0tRU5EIENFUlRJRklDQVRFLS0tLS0K"
              }
            ],
            "cluster_id": null,
            "compute_config": [],
            "created_at": "2026-03-12T18:09:29Z",
            "enabled_cluster_log_types": null,
            "encryption_config": [],
            "endpoint": "https://C53F67462DCE1650B342E96A2A9143B9.gr7.us-east-1.eks.amazonaws.com",
            "force_update_version": null,
            "id": "universite-exemple-eks",
            "identity": [
              {
                "oidc": [
                  {
                    "issuer": "https://oidc.eks.us-east-1.amazonaws.com/id/C53F67462DCE1650B342E96A2A9143B9"
                  }
                ]
              }
            ],
            "kubernetes_network_config": [
              {
                "elastic_load_balancing": [
                  {
                    "enabled": false
                  }
                ],
                "ip_family": "ipv4",
                "service_ipv4_cidr": "172.20.0.0/16",
                "service_ipv6_cidr": ""
              }
            ],
            "name": "universite-exemple-eks",
            "outpost_config": [],
            "platform_version": "eks.63",
            "remote_network_config": [],
            "role_arn": "arn:aws:iam::535532184875:role/LabRole",
            "status": "ACTIVE",
            "storage_config": [],
            "tags": {
              "Name": "universite-exemple-eks"
            },
            "tags_all": {
              "ManagedBy": "Terraform",
              "Name": "universite-exemple-eks",
              "Phase": "Phase6-EKS",
              "Project": "UniversiteExemple-POC"
            },
            "timeouts": null,
            "upgrade_policy": [
              {
                "support_type": "EXTENDED"
              }
            ],
            "version": "1.29",
            "vpc_config": [
              {
                "cluster_security_group_id": "sg-0b84559229ba27a24",
                "endpoint_private_access": true,
                "endpoint_public_access": true,
                "public_access_cidrs": [
                  "0.0.0.0/0"
                ],
                "security_group_ids": [
                  "sg-0b42bbff0af88bc6f"
                ],
                "subnet_ids": [
                  "subnet-038ac3d1e4d30416e",
                  "subnet-03c1ba3d18390955b",
                  "subnet-05e688b93e8961d84",
                  "subnet-0efb46ec7e02b85bf"
                ],
                "vpc_id": "vpc-0952e920630a0c5e3"
              }
            ],
            "zonal_shift_config": []
          },
          "sensitive_attributes": [],
          "identity_schema_version": 0,
          "private": "eyJlMmJmYjczMC1lY2FhLTExZTYtOGY4OC0zNDM2M2JjN2M0YzAiOnsiY3JlYXRlIjoxODAwMDAwMDAwMDAwLCJkZWxldGUiOjkwMDAwMDAwMDAwMCwidXBkYXRlIjozNjAwMDAwMDAwMDAwfSwic2NoZW1hX3ZlcnNpb24iOiIxIn0=",
          "dependencies": [
            "aws_security_group.eks_cluster",
            "data.aws_iam_role.lab_role",
            "data.aws_subnets.private",
            "data.aws_subnets.public",
            "data.aws_vpc.existing"
          ]
        }
      ]
    },
    {
      "mode": "managed",
      "type": "aws_eks_node_group",
      "name": "workers",
      "provider": "provider[\"registry.terraform.io/hashicorp/aws\"]",
      "instances": [
        {
          "schema_version": 0,
          "attributes": {
            "ami_type": "AL2_x86_64",
            "arn": "arn:aws:eks:us-east-1:535532184875:nodegroup/universite-exemple-eks/universite-exemple-eks-workers/14ce71a3-6254-e8c9-445e-a35264790064",
            "capacity_type": "ON_DEMAND",
            "cluster_name": "universite-exemple-eks",
            "disk_size": 20,
            "force_update_version": null,
            "id": "universite-exemple-eks:universite-exemple-eks-workers",
            "instance_types": [
              "t3.medium"
            ],
            "labels": null,
            "launch_template": [],
            "node_group_name": "universite-exemple-eks-workers",
            "node_group_name_prefix": "",
            "node_repair_config": [],
            "node_role_arn": "arn:aws:iam::535532184875:role/LabRole",
            "release_version": "1.29.15-20251209",
            "remote_access": [],
            "resources": [
              {
                "autoscaling_groups": [
                  {
                    "name": "eks-universite-exemple-eks-workers-14ce71a3-6254-e8c9-445e-a35264790064"
                  }
                ],
                "remote_access_security_group_id": ""
              }
            ],
            "scaling_config": [
              {
                "desired_size": 2,
                "max_size": 4,
                "min_size": 1
              }
            ],
            "status": "ACTIVE",
            "subnet_ids": [
              "subnet-03c1ba3d18390955b",
              "subnet-0efb46ec7e02b85bf"
            ],
            "tags": {
              "Name": "universite-exemple-eks-worker"
            },
            "tags_all": {
              "ManagedBy": "Terraform",
              "Name": "universite-exemple-eks-worker",
              "Phase": "Phase6-EKS",
              "Project": "UniversiteExemple-POC"
            },
            "taint": [],
            "timeouts": null,
            "update_config": [
              {
                "max_unavailable": 1,
                "max_unavailable_percentage": 0
              }
            ],
            "version": "1.29"
          },
          "sensitive_attributes": [],
          "identity_schema_version": 0,
          "private": "eyJlMmJmYjczMC1lY2FhLTExZTYtOGY4OC0zNDM2M2JjN2M0YzAiOnsiY3JlYXRlIjozNjAwMDAwMDAwMDAwLCJkZWxldGUiOjM2MDAwMDAwMDAwMDAsInVwZGF0ZSI6MzYwMDAwMDAwMDAwMH19",
          "dependencies": [
            "aws_eks_cluster.main",
            "aws_security_group.eks_cluster",
            "data.aws_iam_role.lab_role",
            "data.aws_subnets.private",
            "data.aws_subnets.public",
            "data.aws_vpc.existing"
          ]
        }
      ]
    },
    {
      "mode": "managed",
      "type": "aws_security_group",
      "name": "eks_cluster",
      "provider": "provider[\"registry.terraform.io/hashicorp/aws\"]",
      "instances": [
        {
          "schema_version": 1,
          "attributes": {
            "arn": "arn:aws:ec2:us-east-1:535532184875:security-group/sg-0b42bbff0af88bc6f",
            "description": "EKS cluster security group",
            "egress": [
              {
                "cidr_blocks": [
                  "0.0.0.0/0"
                ],
                "description": "",
                "from_port": 0,
                "ipv6_cidr_blocks": [],
                "prefix_list_ids": [],
                "protocol": "-1",
                "security_groups": [],
                "self": false,
                "to_port": 0
              }
            ],
            "id": "sg-0b42bbff0af88bc6f",
            "ingress": [
              {
                "cidr_blocks": [
                  "0.0.0.0/0"
                ],
                "description": "HTTPS API server",
                "from_port": 443,
                "ipv6_cidr_blocks": [],
                "prefix_list_ids": [],
                "protocol": "tcp",
                "security_groups": [],
                "self": false,
                "to_port": 443
              },
              {
                "cidr_blocks": [
                  "10.0.0.0/16"
                ],
                "description": "Internal VPC",
                "from_port": 0,
                "ipv6_cidr_blocks": [],
                "prefix_list_ids": [],
                "protocol": "-1",
                "security_groups": [],
                "self": false,
                "to_port": 0
              }
            ],
            "name": "universite-exemple-eks-sg",
            "name_prefix": "",
            "owner_id": "535532184875",
            "revoke_rules_on_delete": false,
            "tags": {
              "Name": "universite-exemple-eks-sg"
            },
            "tags_all": {
              "ManagedBy": "Terraform",
              "Name": "universite-exemple-eks-sg",
              "Phase": "Phase6-EKS",
              "Project": "UniversiteExemple-POC"
            },
            "timeouts": null,
            "vpc_id": "vpc-0952e920630a0c5e3"
          },
          "sensitive_attributes": [],
          "identity_schema_version": 0,
          "private": "eyJlMmJmYjczMC1lY2FhLTExZTYtOGY4OC0zNDM2M2JjN2M0YzAiOnsiY3JlYXRlIjo2MDAwMDAwMDAwMDAsImRlbGV0ZSI6OTAwMDAwMDAwMDAwfSwic2NoZW1hX3ZlcnNpb24iOiIxIn0=",
          "dependencies": [
            "data.aws_vpc.existing"
          ]
        }
      ]
    }
  ],
  "check_results": null
}
